
Microsoft Visual Studio Solution File, Format Version 12.00
# Visual Studio Version 17
VisualStudioVersion = 17.5.33530.505
MinimumVisualStudioVersion = 10.0.40219.1
Project("{FAE04EC0-301F-11D3-BF4B-00C04F79EFBC}") = "LocalizationProject", "LocalizationProject\LocalizationProject.csproj", "{C9252E2C-C698-4F7D-A31B-CD14726F2EA1}"
EndProject
Global
	GlobalSection(SolutionConfigurationPlatforms) = preSolution
		Debug|Any CPU = Debug|Any CPU
		Release|Any CPU = Release|Any CPU
	EndGlobalSection
	GlobalSection(ProjectConfigurationPlatforms) = postSolution
		{C9252E2C-C698-4F7D-A31B-CD14726F2EA1}.Debug|Any CPU.ActiveCfg = Debug|Any CPU
		{C9252E2C-C698-4F7D-A31B-CD14726F2EA1}.Debug|Any CPU.Build.0 = Debug|Any CPU
		{C9252E2C-C698-4F7D-A31B-CD14726F2EA1}.Release|Any CPU.ActiveCfg = Release|Any CPU
		{C9252E2C-C698-4F7D-A31B-CD14726F2EA1}.Release|Any CPU.Build.0 = Release|Any CPU
	EndGlobalSection
	GlobalSection(SolutionProperties) = preSolution
		HideSolutionNode = FALSE
	EndGlobalSection
	GlobalSection(ExtensibilityGlobals) = postSolution
		SolutionGuid = {6E0A6DAD-105C-4F5C-B75D-0E76A15F1AB8}
	EndGlobalSection
EndGlobal
